
Microsoft Visual Studio Solution File, Format Version 12.00
# Visual Studio Version 16
VisualStudioVersion = 16.0.31410.357
MinimumVisualStudioVersion = 10.0.40219.1
Project("{FAE04EC0-301F-11D3-BF4B-00C04F79EFBC}") = "RadarChart", "RadarChart.csproj", "{14115771-0209-48DE-9CDD-43F61FCA37E4}"
EndProject
Global
	GlobalSection(SolutionConfigurationPlatforms) = preSolution
		Debug|Any CPU = Debug|Any CPU
		Release|Any CPU = Release|Any CPU
	EndGlobalSection
	GlobalSection(ProjectConfigurationPlatforms) = postSolution
		{14115771-0209-48DE-9CDD-43F61FCA37E4}.Debug|Any CPU.ActiveCfg = Debug|Any CPU
		{14115771-0209-48DE-9CDD-43F61FCA37E4}.Debug|Any CPU.Build.0 = Debug|Any CPU
		{14115771-0209-48DE-9CDD-43F61FCA37E4}.Release|Any CPU.ActiveCfg = Release|Any CPU
		{14115771-0209-48DE-9CDD-43F61FCA37E4}.Release|Any CPU.Build.0 = Release|Any CPU
	EndGlobalSection
	GlobalSection(SolutionProperties) = preSolution
		HideSolutionNode = FALSE
	EndGlobalSection
	GlobalSection(ExtensibilityGlobals) = postSolution
		SolutionGuid = {E91FD05F-662B-4DD7-AA5B-4DD735D19494}
	EndGlobalSection
EndGlobal
